{
  "name": "serpapi-mcp-server",
  "version": "1.0.0",
  "lockfileVersion": 3,
  "requires": true,
  "packages": {
    "": {
      "name": "serpapi-mcp-server",
      "version": "1.0.0",
      "type": "module",
      "private": true,
      "engines": {
        "node": "18.x"
      },
      "dependencies": {
        "express": "^4.21.2"
      }
    },
    "node_modules/express": {
      "version": "4.21.2",
      "resolved": "https://registry.npmjs.org/express/-/express-4.21.2.tgz",
      "integrity": "sha512-28HqwMwG16XmjYn82B4zKQs3ftDsZqMhw7VsJb2g5fLlLHBb3z/C9S7Y1o/l7z+0rRb6whyZ8GFgWS88bEX6qg=="
    }
  }
}
